
Microsoft Visual Studio Solution File, Format Version 12.00
# Visual Studio Version 17
VisualStudioVersion = 17.14.36408.4 d17.14
MinimumVisualStudioVersion = 10.0.40219.1
Project("{FAE04EC0-301F-11D3-BF4B-00C04F79EFBC}") = "EscolaEstruturaDeDados", "EscolaEstruturaDeDados\EscolaEstruturaDeDados.csproj", "{E63A929A-864E-4F04-881A-4AE1F8105322}"
EndProject
Global
	GlobalSection(SolutionConfigurationPlatforms) = preSolution
		Debug|Any CPU = Debug|Any CPU
		Release|Any CPU = Release|Any CPU
	EndGlobalSection
	GlobalSection(ProjectConfigurationPlatforms) = postSolution
		{E63A929A-864E-4F04-881A-4AE1F8105322}.Debug|Any CPU.ActiveCfg = Debug|Any CPU
		{E63A929A-864E-4F04-881A-4AE1F8105322}.Debug|Any CPU.Build.0 = Debug|Any CPU
		{E63A929A-864E-4F04-881A-4AE1F8105322}.Release|Any CPU.ActiveCfg = Release|Any CPU
		{E63A929A-864E-4F04-881A-4AE1F8105322}.Release|Any CPU.Build.0 = Release|Any CPU
	EndGlobalSection
	GlobalSection(SolutionProperties) = preSolution
		HideSolutionNode = FALSE
	EndGlobalSection
	GlobalSection(ExtensibilityGlobals) = postSolution
		SolutionGuid = {BAF92AF9-8F51-4BF8-B584-0F4BFB261E3C}
	EndGlobalSection
EndGlobal
